Microsoft Visual Studio Solution File, Format Version 12.00
# Visual Studio Version 17
VisualStudioVersion = 17.5.2.0
MinimumVisualStudioVersion = 10.0.40219.1
Project("{2150E333-8FDC-42A3-9474-1A3956D46DE8}") = "POS", "POS", "{9CB64F01-16BA-47D0-A085-699237BCADB3}"
EndProject
Project("{FAE04EC0-301F-11D3-BF4B-00C04F79EFBC}") = "POS.Api", "POS\POS.Api\POS.Api.csproj", "{056EF6A5-2620-01BC-B43E-D1400417EDAC}"
EndProject
Global
	GlobalSection(SolutionConfigurationPlatforms) = preSolution
		Debug|Any CPU = Debug|Any CPU
		Release|Any CPU = Release|Any CPU
	EndGlobalSection
	GlobalSection(ProjectConfigurationPlatforms) = postSolution
		{056EF6A5-2620-01BC-B43E-D1400417EDAC}.Debug|Any CPU.ActiveCfg = Debug|Any CPU
		{056EF6A5-2620-01BC-B43E-D1400417EDAC}.Debug|Any CPU.Build.0 = Debug|Any CPU
		{056EF6A5-2620-01BC-B43E-D1400417EDAC}.Release|Any CPU.ActiveCfg = Release|Any CPU
		{056EF6A5-2620-01BC-B43E-D1400417EDAC}.Release|Any CPU.Build.0 = Release|Any CPU
	EndGlobalSection
	GlobalSection(SolutionProperties) = preSolution
		HideSolutionNode = FALSE
	EndGlobalSection
	GlobalSection(NestedProjects) = preSolution
		{056EF6A5-2620-01BC-B43E-D1400417EDAC} = {9CB64F01-16BA-47D0-A085-699237BCADB3}
	EndGlobalSection
	GlobalSection(ExtensibilityGlobals) = postSolution
		SolutionGuid = {3D4FC9C8-BE18-4917-8BF3-D910E925FC20}
	EndGlobalSection
EndGlobal
